
Microsoft Visual Studio Solution File, Format Version 12.00
# Visual Studio Version 17
VisualStudioVersion = 17.0.31903.59
MinimumVisualStudioVersion = 10.0.40219.1
Project("{2150E333-8FDC-42A3-9474-1A3956D46DE8}") = "src", "src", "{827E0CD3-B72D-47B6-A68D-7590B98EB39B}"
EndProject
Project("{FAE04EC0-301F-11D3-BF4B-00C04F79EFBC}") = "SysDiag.Core", "src\SysDiag.Core\SysDiag.Core.csproj", "{2E336F68-A010-4B46-9927-5D01460D1939}"
EndProject
Project("{FAE04EC0-301F-11D3-BF4B-00C04F79EFBC}") = "SysDiag.Collectors", "src\SysDiag.Collectors\SysDiag.Collectors.csproj", "{C46AF1F1-79E9-4AF9-B131-51BA85E4A970}"
EndProject
Project("{FAE04EC0-301F-11D3-BF4B-00C04F79EFBC}") = "SysDiag.Storage", "src\SysDiag.Storage\SysDiag.Storage.csproj", "{FF38DB56-8F0B-4200-8B1B-B01BFFFCB931}"
EndProject
Project("{FAE04EC0-301F-11D3-BF4B-00C04F79EFBC}") = "SysDiag.Llm", "src\SysDiag.Llm\SysDiag.Llm.csproj", "{E1678D35-FFA7-47E0-A909-F54CAA436B05}"
EndProject
Project("{FAE04EC0-301F-11D3-BF4B-00C04F79EFBC}") = "SysDiag.Cli", "src\SysDiag.Cli\SysDiag.Cli.csproj", "{4852E6E3-F8E4-4E86-AD81-A035011185C4}"
EndProject
Project("{2150E333-8FDC-42A3-9474-1A3956D46DE8}") = "tests", "tests", "{0AB3BF05-4346-4AA6-1389-037BE0695223}"
EndProject
Project("{FAE04EC0-301F-11D3-BF4B-00C04F79EFBC}") = "SysDiag.Tests", "tests\SysDiag.Tests\SysDiag.Tests.csproj", "{A0E37C18-5202-4D63-B0D2-69108B990564}"
EndProject
Global
	GlobalSection(SolutionConfigurationPlatforms) = preSolution
		Debug|Any CPU = Debug|Any CPU
		Debug|x64 = Debug|x64
		Debug|x86 = Debug|x86
		Release|Any CPU = Release|Any CPU
		Release|x64 = Release|x64
		Release|x86 = Release|x86
	EndGlobalSection
	GlobalSection(ProjectConfigurationPlatforms) = postSolution
		{2E336F68-A010-4B46-9927-5D01460D1939}.Debug|Any CPU.ActiveCfg = Debug|Any CPU
		{2E336F68-A010-4B46-9927-5D01460D1939}.Debug|Any CPU.Build.0 = Debug|Any CPU
		{2E336F68-A010-4B46-9927-5D01460D1939}.Debug|x64.ActiveCfg = Debug|Any CPU
		{2E336F68-A010-4B46-9927-5D01460D1939}.Debug|x64.Build.0 = Debug|Any CPU
		{2E336F68-A010-4B46-9927-5D01460D1939}.Debug|x86.ActiveCfg = Debug|Any CPU
		{2E336F68-A010-4B46-9927-5D01460D1939}.Debug|x86.Build.0 = Debug|Any CPU
		{2E336F68-A010-4B46-9927-5D01460D1939}.Release|Any CPU.ActiveCfg = Release|Any CPU
		{2E336F68-A010-4B46-9927-5D01460D1939}.Release|Any CPU.Build.0 = Release|Any CPU
		{2E336F68-A010-4B46-9927-5D01460D1939}.Release|x64.ActiveCfg = Release|Any CPU
		{2E336F68-A010-4B46-9927-5D01460D1939}.Release|x64.Build.0 = Release|Any CPU
		{2E336F68-A010-4B46-9927-5D01460D1939}.Release|x86.ActiveCfg = Release|Any CPU
		{2E336F68-A010-4B46-9927-5D01460D1939}.Release|x86.Build.0 = Release|Any CPU
		{C46AF1F1-79E9-4AF9-B131-51BA85E4A970}.Debug|Any CPU.ActiveCfg = Debug|Any CPU
		{C46AF1F1-79E9-4AF9-B131-51BA85E4A970}.Debug|Any CPU.Build.0 = Debug|Any CPU
		{C46AF1F1-79E9-4AF9-B131-51BA85E4A970}.Debug|x64.ActiveCfg = Debug|Any CPU
		{C46AF1F1-79E9-4AF9-B131-51BA85E4A970}.Debug|x64.Build.0 = Debug|Any CPU
		{C46AF1F1-79E9-4AF9-B131-51BA85E4A970}.Debug|x86.ActiveCfg = Debug|Any CPU
		{C46AF1F1-79E9-4AF9-B131-51BA85E4A970}.Debug|x86.Build.0 = Debug|Any CPU
		{C46AF1F1-79E9-4AF9-B131-51BA85E4A970}.Release|Any CPU.ActiveCfg = Release|Any CPU
		{C46AF1F1-79E9-4AF9-B131-51BA85E4A970}.Release|Any CPU.Build.0 = Release|Any CPU
		{C46AF1F1-79E9-4AF9-B131-51BA85E4A970}.Release|x64.ActiveCfg = Release|Any CPU
		{C46AF1F1-79E9-4AF9-B131-51BA85E4A970}.Release|x64.Build.0 = Release|Any CPU
		{C46AF1F1-79E9-4AF9-B131-51BA85E4A970}.Release|x86.ActiveCfg = Release|Any CPU
		{C46AF1F1-79E9-4AF9-B131-51BA85E4A970}.Release|x86.Build.0 = Release|Any CPU
		{FF38DB56-8F0B-4200-8B1B-B01BFFFCB931}.Debug|Any CPU.ActiveCfg = Debug|Any CPU
		{FF38DB56-8F0B-4200-8B1B-B01BFFFCB931}.Debug|Any CPU.Build.0 = Debug|Any CPU
		{FF38DB56-8F0B-4200-8B1B-B01BFFFCB931}.Debug|x64.ActiveCfg = Debug|Any CPU
		{FF38DB56-8F0B-4200-8B1B-B01BFFFCB931}.Debug|x64.Build.0 = Debug|Any CPU
		{FF38DB56-8F0B-4200-8B1B-B01BFFFCB931}.Debug|x86.ActiveCfg = Debug|Any CPU
		{FF38DB56-8F0B-4200-8B1B-B01BFFFCB931}.Debug|x86.Build.0 = Debug|Any CPU
		{FF38DB56-8F0B-4200-8B1B-B01BFFFCB931}.Release|Any CPU.ActiveCfg = Release|Any CPU
		{FF38DB56-8F0B-4200-8B1B-B01BFFFCB931}.Release|Any CPU.Build.0 = Release|Any CPU
		{FF38DB56-8F0B-4200-8B1B-B01BFFFCB931}.Release|x64.ActiveCfg = Release|Any CPU
		{FF38DB56-8F0B-4200-8B1B-B01BFFFCB931}.Release|x64.Build.0 = Release|Any CPU
		{FF38DB56-8F0B-4200-8B1B-B01BFFFCB931}.Release|x86.ActiveCfg = Release|Any CPU
		{FF38DB56-8F0B-4200-8B1B-B01BFFFCB931}.Release|x86.Build.0 = Release|Any CPU
		{E1678D35-FFA7-47E0-A909-F54CAA436B05}.Debug|Any CPU.ActiveCfg = Debug|Any CPU
		{E1678D35-FFA7-47E0-A909-F54CAA436B05}.Debug|Any CPU.Build.0 = Debug|Any CPU
		{E1678D35-FFA7-47E0-A909-F54CAA436B05}.Debug|x64.ActiveCfg = Debug|Any CPU
		{E1678D35-FFA7-47E0-A909-F54CAA436B05}.Debug|x64.Build.0 = Debug|Any CPU
		{E1678D35-FFA7-47E0-A909-F54CAA436B05}.Debug|x86.ActiveCfg = Debug|Any CPU
		{E1678D35-FFA7-47E0-A909-F54CAA436B05}.Debug|x86.Build.0 = Debug|Any CPU
		{E1678D35-FFA7-47E0-A909-F54CAA436B05}.Release|Any CPU.ActiveCfg = Release|Any CPU
		{E1678D35-FFA7-47E0-A909-F54CAA436B05}.Release|Any CPU.Build.0 = Release|Any CPU
		{E1678D35-FFA7-47E0-A909-F54CAA436B05}.Release|x64.ActiveCfg = Release|Any CPU
		{E1678D35-FFA7-47E0-A909-F54CAA436B05}.Release|x64.Build.0 = Release|Any CPU
		{E1678D35-FFA7-47E0-A909-F54CAA436B05}.Release|x86.ActiveCfg = Release|Any CPU
		{E1678D35-FFA7-47E0-A909-F54CAA436B05}.Release|x86.Build.0 = Release|Any CPU
		{4852E6E3-F8E4-4E86-AD81-A035011185C4}.Debug|Any CPU.ActiveCfg = Debug|Any CPU
		{4852E6E3-F8E4-4E86-AD81-A035011185C4}.Debug|Any CPU.Build.0 = Debug|Any CPU
		{4852E6E3-F8E4-4E86-AD81-A035011185C4}.Debug|x64.ActiveCfg = Debug|Any CPU
		{4852E6E3-F8E4-4E86-AD81-A035011185C4}.Debug|x64.Build.0 = Debug|Any CPU
		{4852E6E3-F8E4-4E86-AD81-A035011185C4}.Debug|x86.ActiveCfg = Debug|Any CPU
		{4852E6E3-F8E4-4E86-AD81-A035011185C4}.Debug|x86.Build.0 = Debug|Any CPU
		{4852E6E3-F8E4-4E86-AD81-A035011185C4}.Release|Any CPU.ActiveCfg = Release|Any CPU
		{4852E6E3-F8E4-4E86-AD81-A035011185C4}.Release|Any CPU.Build.0 = Release|Any CPU
		{4852E6E3-F8E4-4E86-AD81-A035011185C4}.Release|x64.ActiveCfg = Release|Any CPU
		{4852E6E3-F8E4-4E86-AD81-A035011185C4}.Release|x64.Build.0 = Release|Any CPU
		{4852E6E3-F8E4-4E86-AD81-A035011185C4}.Release|x86.ActiveCfg = Release|Any CPU
		{4852E6E3-F8E4-4E86-AD81-A035011185C4}.Release|x86.Build.0 = Release|Any CPU
		{A0E37C18-5202-4D63-B0D2-69108B990564}.Debug|Any CPU.ActiveCfg = Debug|Any CPU
		{A0E37C18-5202-4D63-B0D2-69108B990564}.Debug|Any CPU.Build.0 = Debug|Any CPU
		{A0E37C18-5202-4D63-B0D2-69108B990564}.Debug|x64.ActiveCfg = Debug|Any CPU
		{A0E37C18-5202-4D63-B0D2-69108B990564}.Debug|x64.Build.0 = Debug|Any CPU
		{A0E37C18-5202-4D63-B0D2-69108B990564}.Debug|x86.ActiveCfg = Debug|Any CPU
		{A0E37C18-5202-4D63-B0D2-69108B990564}.Debug|x86.Build.0 = Debug|Any CPU
		{A0E37C18-5202-4D63-B0D2-69108B990564}.Release|Any CPU.ActiveCfg = Release|Any CPU
		{A0E37C18-5202-4D63-B0D2-69108B990564}.Release|Any CPU.Build.0 = Release|Any CPU
		{A0E37C18-5202-4D63-B0D2-69108B990564}.Release|x64.ActiveCfg = Release|Any CPU
		{A0E37C18-5202-4D63-B0D2-69108B990564}.Release|x64.Build.0 = Release|Any CPU
		{A0E37C18-5202-4D63-B0D2-69108B990564}.Release|x86.ActiveCfg = Release|Any CPU
		{A0E37C18-5202-4D63-B0D2-69108B990564}.Release|x86.Build.0 = Release|Any CPU
	EndGlobalSection
	GlobalSection(SolutionProperties) = preSolution
		HideSolutionNode = FALSE
	EndGlobalSection
	GlobalSection(NestedProjects) = preSolution
		{2E336F68-A010-4B46-9927-5D01460D1939} = {827E0CD3-B72D-47B6-A68D-7590B98EB39B}
		{C46AF1F1-79E9-4AF9-B131-51BA85E4A970} = {827E0CD3-B72D-47B6-A68D-7590B98EB39B}
		{FF38DB56-8F0B-4200-8B1B-B01BFFFCB931} = {827E0CD3-B72D-47B6-A68D-7590B98EB39B}
		{E1678D35-FFA7-47E0-A909-F54CAA436B05} = {827E0CD3-B72D-47B6-A68D-7590B98EB39B}
		{4852E6E3-F8E4-4E86-AD81-A035011185C4} = {827E0CD3-B72D-47B6-A68D-7590B98EB39B}
		{A0E37C18-5202-4D63-B0D2-69108B990564} = {0AB3BF05-4346-4AA6-1389-037BE0695223}
	EndGlobalSection
EndGlobal
